github.com/opencoff/go-logger v0.0.0-20190612060632-bf4528b7367d h1:kBo3CACJRG/TO3VzmSSmzyHbEivF8V20hXuXtdAh0dU=
github.com/opencoff/go-logger v0.0.0-20190612060632-bf4528b7367d/go.mod h1:0uZokzKt+uCJkbz12vSoChasSJoLc2aNuCS0A/U7Dqs=
github.com/opencoff/go-ratelimit v0.7.0 h1:hXadrYOPFlS6l+jmrok87BX0Oh+oeWuLelNYXAUgGqA=
github.com/opencoff/go-ratelimit v0.7.0/go.mod h1:CZOjkRlhRo07XJt81kMF0NfOP7cYTfhZG1zPU5AAK78=
github.com/opencoff/golang-lru v0.6.0 h1:e5jyAHA4AJbohh8mmPB6JpTvZMVrnh3z5GFAqTADVm8=
github.com/opencoff/golang-lru v0.6.0/go.mod h1:Ll98eBFICVmenoj+uJfH+ReFgDMD+nuK9VshgMwDs80=
github.com/opencoff/pflag v0.5.0 h1:kK3cSTlGj0fHby/PoFzHkf+Jx3PdiACJwzYDWEWlEKQ=
github.com/opencoff/pflag v0.5.0/go.mod h1:mTLzGGUGda1Av3d34iAJlh0JIlRxmFZtmc6qoWPspK0=
golang.org/x/time v0.0.0-20191024005414-555d28b269f0 h1:/5xXl8Y5W96D+TtHSlonuFqGHIWVuyCkGJLwGh9JJFs=
golang.org/x/time v0.0.0-20191024005414-555d28b269f0/go.mod h1:tRJNPiyCQ0inRvYxbN9jk5I+vvW/OXSQhTDSoE431IQ=
gopkg.in/check.v1 v0.0.0-20161208181325-20d25e280405/go.mod h1:Co6ibVJAznAaIkqp8huTwlJQCZ016jof/cbN4VW5Yz0=
gopkg.in/yaml.v2 v2.3.0 h1:clyUAQHOM3G0M3f5vQj7LuJrETvjVot3Z5el9nffUtU=
gopkg.in/yaml.v2 v2.3.0/go.mod h1:hI93XBmqTisBFMUTm0b8Fm+jr3Dg1NNxqwp+5A1VGuI=
